
Microsoft Visual Studio Solution File, Format Version 12.00
# Visual Studio Version 17
VisualStudioVersion = 17.14.36623.8
MinimumVisualStudioVersion = 10.0.40219.1
Project("{FAE04EC0-301F-11D3-BF4B-00C04F79EFBC}") = "PieFunds.Api", "PieFunds.Api\PieFunds.Api.csproj", "{7D3DB830-C967-402A-B070-6157E4073A21}"
EndProject
Project("{FAE04EC0-301F-11D3-BF4B-00C04F79EFBC}") = "PieFunds.Application", "PieFunds.Application\PieFunds.Application.csproj", "{F35B105E-C011-44A5-BC89-3A73891BCE7B}"
EndProject
Project("{FAE04EC0-301F-11D3-BF4B-00C04F79EFBC}") = "PieFunds.Domain", "PieFunds.Domain\PieFunds.Domain.csproj", "{A2558A49-371E-44DB-A549-D4E026CC1F2E}"
EndProject
Project("{FAE04EC0-301F-11D3-BF4B-00C04F79EFBC}") = "PieFunds.Infrastructure", "PieFunds.Infrastructure\PieFunds.Infrastructure.csproj", "{8466AACE-53DF-442E-98A6-DFE4189CCB7F}"
EndProject
Project("{FAE04EC0-301F-11D3-BF4B-00C04F79EFBC}") = "PieFunds.Tests", "PieFunds.Tests\PieFunds.Tests.csproj", "{50B5691D-4BFE-4AC2-B6C2-1727ACA49C4E}"
EndProject
Global
	GlobalSection(SolutionConfigurationPlatforms) = preSolution
		Debug|Any CPU = Debug|Any CPU
		Release|Any CPU = Release|Any CPU
	EndGlobalSection
	GlobalSection(ProjectConfigurationPlatforms) = postSolution
		{7D3DB830-C967-402A-B070-6157E4073A21}.Debug|Any CPU.ActiveCfg = Debug|Any CPU
		{7D3DB830-C967-402A-B070-6157E4073A21}.Debug|Any CPU.Build.0 = Debug|Any CPU
		{7D3DB830-C967-402A-B070-6157E4073A21}.Release|Any CPU.ActiveCfg = Release|Any CPU
		{7D3DB830-C967-402A-B070-6157E4073A21}.Release|Any CPU.Build.0 = Release|Any CPU
		{F35B105E-C011-44A5-BC89-3A73891BCE7B}.Debug|Any CPU.ActiveCfg = Debug|Any CPU
		{F35B105E-C011-44A5-BC89-3A73891BCE7B}.Debug|Any CPU.Build.0 = Debug|Any CPU
		{F35B105E-C011-44A5-BC89-3A73891BCE7B}.Release|Any CPU.ActiveCfg = Release|Any CPU
		{F35B105E-C011-44A5-BC89-3A73891BCE7B}.Release|Any CPU.Build.0 = Release|Any CPU
		{A2558A49-371E-44DB-A549-D4E026CC1F2E}.Debug|Any CPU.ActiveCfg = Debug|Any CPU
		{A2558A49-371E-44DB-A549-D4E026CC1F2E}.Debug|Any CPU.Build.0 = Debug|Any CPU
		{A2558A49-371E-44DB-A549-D4E026CC1F2E}.Release|Any CPU.ActiveCfg = Release|Any CPU
		{A2558A49-371E-44DB-A549-D4E026CC1F2E}.Release|Any CPU.Build.0 = Release|Any CPU
		{8466AACE-53DF-442E-98A6-DFE4189CCB7F}.Debug|Any CPU.ActiveCfg = Debug|Any CPU
		{8466AACE-53DF-442E-98A6-DFE4189CCB7F}.Debug|Any CPU.Build.0 = Debug|Any CPU
		{8466AACE-53DF-442E-98A6-DFE4189CCB7F}.Release|Any CPU.ActiveCfg = Release|Any CPU
		{8466AACE-53DF-442E-98A6-DFE4189CCB7F}.Release|Any CPU.Build.0 = Release|Any CPU
		{50B5691D-4BFE-4AC2-B6C2-1727ACA49C4E}.Debug|Any CPU.ActiveCfg = Debug|Any CPU
		{50B5691D-4BFE-4AC2-B6C2-1727ACA49C4E}.Debug|Any CPU.Build.0 = Debug|Any CPU
		{50B5691D-4BFE-4AC2-B6C2-1727ACA49C4E}.Release|Any CPU.ActiveCfg = Release|Any CPU
		{50B5691D-4BFE-4AC2-B6C2-1727ACA49C4E}.Release|Any CPU.Build.0 = Release|Any CPU
	EndGlobalSection
	GlobalSection(SolutionProperties) = preSolution
		HideSolutionNode = FALSE
	EndGlobalSection
	GlobalSection(ExtensibilityGlobals) = postSolution
		SolutionGuid = {BD5E8764-8CB1-4A3C-BF3A-3FA3192435FB}
	EndGlobalSection
EndGlobal
